
Microsoft Visual Studio Solution File, Format Version 12.00
# Visual Studio 15
Project("{FAE04EC0-301F-11D3-BF4B-00C04F79EFBC}") = "Assembly-CSharp", "Assembly-CSharp.csproj", "{1BF31560-78E4-267D-B03C-82579E76C2FB}"
EndProject
Project("{FAE04EC0-301F-11D3-BF4B-00C04F79EFBC}") = "Assembly-CSharp-Editor", "Assembly-CSharp-Editor.csproj", "{235EBB8D-4C15-F89E-D1EF-2928D9CF27F7}"
EndProject
Global
	GlobalSection(SolutionConfigurationPlatforms) = preSolution
		Debug|Any CPU = Debug|Any CPU
		Release|Any CPU = Release|Any CPU
	EndGlobalSection
	GlobalSection(ProjectConfigurationPlatforms) = postSolution
		{1BF31560-78E4-267D-B03C-82579E76C2FB}.Debug|Any CPU.ActiveCfg = Debug|Any CPU
		{1BF31560-78E4-267D-B03C-82579E76C2FB}.Debug|Any CPU.Build.0 = Debug|Any CPU
		{1BF31560-78E4-267D-B03C-82579E76C2FB}.Release|Any CPU.ActiveCfg = Release|Any CPU
		{1BF31560-78E4-267D-B03C-82579E76C2FB}.Release|Any CPU.Build.0 = Release|Any CPU
		{235EBB8D-4C15-F89E-D1EF-2928D9CF27F7}.Debug|Any CPU.ActiveCfg = Debug|Any CPU
		{235EBB8D-4C15-F89E-D1EF-2928D9CF27F7}.Debug|Any CPU.Build.0 = Debug|Any CPU
		{235EBB8D-4C15-F89E-D1EF-2928D9CF27F7}.Release|Any CPU.ActiveCfg = Release|Any CPU
		{235EBB8D-4C15-F89E-D1EF-2928D9CF27F7}.Release|Any CPU.Build.0 = Release|Any CPU
	EndGlobalSection
	GlobalSection(SolutionProperties) = preSolution
		HideSolutionNode = FALSE
	EndGlobalSection
EndGlobal
